hash: 6029b568794caaebd3a4144bb70ef66b8db2564c80867eaf14dec7b68f539d23
updated: 2017-06-10T00:39:04.544199533+08:00
imports:
- name: github.com/dgrijalva/jwt-go
  version: d2709f9f1f31ebcda9651b03077758c1f3a0018c
- name: github.com/go-playground/locales
  version: 1e5f1161c6416a5ff48840eb8724a394e48cc534
  subpackages:
  - currency
- name: github.com/go-playground/universal-translator
  version: 71201497bace774495daed26a3874fd339e0b538
- name: github.com/labstack/echo
  version: 1049c9613cd371b7ea8f219404c9a821734781ed
  subpackages:
  - middleware
- name: github.com/labstack/gommon
  version: 1121fd3e243c202482226a7afe4dcd07ffc4139a
  subpackages:
  - bytes
  - color
  - log
  - random
- name: github.com/mattn/go-colorable
  version: ded68f7a9561c023e790de24279db7ebf473ea80
- name: github.com/mattn/go-isatty
  version: fc9e8d8ef48496124e79ae0df75490096eccf6fe
- name: github.com/patrickmn/go-cache
  version: 7ac151875ffb48b9f3ccce9ea20f020b0c1596c8
- name: github.com/sdvdxl/dinghook
  version: 24299be8d80f17a5a5641731abb77824df8f750e
- name: github.com/sdvdxl/go-tools
  version: 92b617ee18bcd203ea85d61ae203b3fdc178aba5
  subpackages:
  - encrypt
- name: github.com/tylerb/graceful
  version: 4654dfbb6ad53cb5e27f37d99b02e16c1872fbbb
- name: github.com/valyala/bytebufferpool
  version: e746df99fe4a3986f4d4f79e13c1e0117ce9c2f7
- name: github.com/valyala/fasttemplate
  version: dcecefd839c4193db0d35b88ec65b4c12d360ab0
- name: golang.org/x/crypto
  version: e7ba82683099cae71475961448ab8f903ea77c26
  repo: https://github.com/golang/crypto
  subpackages:
  - acme
  - acme/autocert
- name: golang.org/x/sys
  version: 0b25a408a50076fbbcae6b7ac0ea5fbb0b085e79
  repo: https://github.com/golang/sys
  subpackages:
  - unix
- name: gopkg.in/go-playground/validator.v9
  version: 6d8c18553ea1ac493d049edd6f102f52e618f085
testImports: []
